
Microsoft Visual Studio Solution File, Format Version 12.00
# Visual Studio Version 16
VisualStudioVersion = 16.0.29503.13
MinimumVisualStudioVersion = 10.0.40219.1
Project("{2150E333-8FDC-42A3-9474-1A3956D46DE8}") = "src", "src", "{C2867B92-7F76-4BDD-93BC-C2AB6B3A98AA}"
EndProject
Project("{2150E333-8FDC-42A3-9474-1A3956D46DE8}") = "Building Blocks", "Building Blocks", "{158AF716-AE32-44BE-A0BE-3EAC425B66A7}"
EndProject
Project("{2150E333-8FDC-42A3-9474-1A3956D46DE8}") = "Services", "Services", "{739367F5-01F5-4A30-BBA8-0031C66DF9F5}"
EndProject
Project("{2150E333-8FDC-42A3-9474-1A3956D46DE8}") = "Web", "Web", "{1018F6BD-4587-450D-B090-71C7D28F49D8}"
EndProject
Project("{2150E333-8FDC-42A3-9474-1A3956D46DE8}") = "Identidade", "Identidade", "{6E107D71-4037-4E1B-A593-82B632C73EDC}"
EndProject
Project("{9A19103F-16F7-4668-BE54-9A1E7A4F7556}") = "EcommerceStore.Identidade.API", "src\Services\EcommerceStore.Identidade.API\EcommerceStore.Identidade.API.csproj", "{ECC7552F-8C83-48E2-BEEC-BE2BD1FAF33D}"
EndProject
Project("{2150E333-8FDC-42A3-9474-1A3956D46DE8}") = "MVC", "MVC", "{DF7F327D-D202-44DD-95F9-45B85D702D86}"
EndProject
Project("{9A19103F-16F7-4668-BE54-9A1E7A4F7556}") = "EcommerceStore.WebApp.MVC", "src\Web\EcommerceStore.WebApp.MVC\EcommerceStore.WebApp.MVC.csproj", "{5207A203-07E4-4B8B-93FD-46D7B73334DC}"
EndProject
Project("{2150E333-8FDC-42A3-9474-1A3956D46DE8}") = "Core", "Core", "{78EF0603-565A-49E0-9AF8-EE3AB3F89DCD}"
EndProject
Project("{9A19103F-16F7-4668-BE54-9A1E7A4F7556}") = "EcommerceStore.Core", "src\Building Blocks\EcommerceStore.Core\EcommerceStore.Core.csproj", "{8DB84AC4-D669-4298-9D8C-96544D8FE9D9}"
EndProject
Project("{2150E333-8FDC-42A3-9474-1A3956D46DE8}") = "Carrinho", "Carrinho", "{E300B48A-12CC-4BEB-9DA8-3501A34160C7}"
EndProject
Project("{9A19103F-16F7-4668-BE54-9A1E7A4F7556}") = "EcommerceStore.Carrinho.API", "src\Services\EcommerceStore.Carrinho.API\EcommerceStore.Carrinho.API.csproj", "{8A4D5F13-BA21-43C8-A065-329EC9C1BEBD}"
EndProject
Project("{2150E333-8FDC-42A3-9474-1A3956D46DE8}") = "Catalogo", "Catalogo", "{7DBEC3FD-C617-40E4-BB1C-06446A16AB2C}"
EndProject
Project("{9A19103F-16F7-4668-BE54-9A1E7A4F7556}") = "EcommerceStore.Catalogo.API", "src\Services\EcommerceStore.Catalogo.API\EcommerceStore.Catalogo.API.csproj", "{D393FB4C-7A98-4293-8651-C1E9B17D9C7C}"
EndProject
Project("{2150E333-8FDC-42A3-9474-1A3956D46DE8}") = "Clientes", "Clientes", "{F3DEB082-95B1-4170-B2BD-9DE117307531}"
EndProject
Project("{2150E333-8FDC-42A3-9474-1A3956D46DE8}") = "Pagamento", "Pagamento", "{BAC4CEC4-AE7C-4D21-B9FB-C3524A6A0BBE}"
EndProject
Project("{2150E333-8FDC-42A3-9474-1A3956D46DE8}") = "Pedido", "Pedido", "{A056F822-DF0D-40BC-BC8E-D4A607E1E594}"
EndProject
Project("{2150E333-8FDC-42A3-9474-1A3956D46DE8}") = "Services", "Services", "{7588D0C3-EF93-4EB6-8F0E-B6ACE20927E4}"
EndProject
Project("{9A19103F-16F7-4668-BE54-9A1E7A4F7556}") = "EcommerceStore.WebApi.Core", "src\Building Blocks\EcommerceStore.WebApi.Core\EcommerceStore.WebApi.Core.csproj", "{10827B86-224E-4132-A0D6-7AA3F9200FB2}"
EndProject
Project("{9A19103F-16F7-4668-BE54-9A1E7A4F7556}") = "EcommerceStore.Clientes.API", "src\Services\EcommerceStore.Clientes.API\EcommerceStore.Clientes.API.csproj", "{F8D30CD4-5CC2-4470-A04B-1A13FE2BAE09}"
EndProject
Project("{2150E333-8FDC-42A3-9474-1A3956D46DE8}") = "MessageBus", "MessageBus", "{A0535517-B98C-45B8-9062-8D10F5E3D5C9}"
EndProject
Project("{9A19103F-16F7-4668-BE54-9A1E7A4F7556}") = "EcommerceStore.MessageBus", "src\Building Blocks\EcommerceStore.MessageBus\EcommerceStore.MessageBus.csproj", "{C6AFF83A-3CCC-4735-86A2-501F0D006071}"
EndProject
Project("{2150E333-8FDC-42A3-9474-1A3956D46DE8}") = "ApiGateways", "ApiGateways", "{54AB226E-4A43-4017-B252-45136175CDF4}"
EndProject
Project("{2150E333-8FDC-42A3-9474-1A3956D46DE8}") = "Compras", "Compras", "{5EF31516-97DF-4BF3-9735-257AC91C2178}"
EndProject
Project("{9A19103F-16F7-4668-BE54-9A1E7A4F7556}") = "EcommerceStore.Bff.Compras", "src\api gateways\EcommerceStore.Bff.Compras\EcommerceStore.Bff.Compras.csproj", "{7993B366-5D6A-45E6-AAF5-0762B7C27EA6}"
EndProject
Project("{9A19103F-16F7-4668-BE54-9A1E7A4F7556}") = "EcommerceStore.Pedidos.API", "src\services\EcommerceStore.Pedidos.API\EcommerceStore.Pedidos.API.csproj", "{4251F99F-DBCC-4034-A4F3-27332312E6CC}"
EndProject
Project("{9A19103F-16F7-4668-BE54-9A1E7A4F7556}") = "EcommerceStore.Pedidos.Domain", "src\services\EcommerceStore.Pedidos.Domain\EcommerceStore.Pedidos.Domain.csproj", "{42CE91DC-532B-491C-94CE-F6756C3C4585}"
EndProject
Project("{9A19103F-16F7-4668-BE54-9A1E7A4F7556}") = "EcommerceStore.Pedidos.Infraestructure", "src\services\EcommerceStore.Pedidos.Infraestructure\EcommerceStore.Pedidos.Infraestructure.csproj", "{EC23E36E-3116-4761-A2C5-FE71A37EB442}"
EndProject
Project("{9A19103F-16F7-4668-BE54-9A1E7A4F7556}") = "EcommerceStore.Pagamentos.API", "src\services\EcommerceStore.Pagamentos.API\EcommerceStore.Pagamentos.API.csproj", "{ABAF4127-3D81-4CE3-B0E5-7AAB5C5C0328}"
EndProject
Project("{9A19103F-16F7-4668-BE54-9A1E7A4F7556}") = "EcommerceStore.Pagamentos.Pag", "src\services\EcommerceStore.Pagamentos.Pag\EcommerceStore.Pagamentos.Pag.csproj", "{8112AA35-5D83-4FB5-8EBD-17930C75D696}"
EndProject
Global
	GlobalSection(SolutionConfigurationPlatforms) = preSolution
		Debug|Any CPU = Debug|Any CPU
		Release|Any CPU = Release|Any CPU
	EndGlobalSection
	GlobalSection(ProjectConfigurationPlatforms) = postSolution
		{ECC7552F-8C83-48E2-BEEC-BE2BD1FAF33D}.Debug|Any CPU.ActiveCfg = Debug|Any CPU
		{ECC7552F-8C83-48E2-BEEC-BE2BD1FAF33D}.Debug|Any CPU.Build.0 = Debug|Any CPU
		{ECC7552F-8C83-48E2-BEEC-BE2BD1FAF33D}.Release|Any CPU.ActiveCfg = Release|Any CPU
		{ECC7552F-8C83-48E2-BEEC-BE2BD1FAF33D}.Release|Any CPU.Build.0 = Release|Any CPU
		{5207A203-07E4-4B8B-93FD-46D7B73334DC}.Debug|Any CPU.ActiveCfg = Debug|Any CPU
		{5207A203-07E4-4B8B-93FD-46D7B73334DC}.Debug|Any CPU.Build.0 = Debug|Any CPU
		{5207A203-07E4-4B8B-93FD-46D7B73334DC}.Release|Any CPU.ActiveCfg = Release|Any CPU
		{5207A203-07E4-4B8B-93FD-46D7B73334DC}.Release|Any CPU.Build.0 = Release|Any CPU
		{8DB84AC4-D669-4298-9D8C-96544D8FE9D9}.Debug|Any CPU.ActiveCfg = Debug|Any CPU
		{8DB84AC4-D669-4298-9D8C-96544D8FE9D9}.Debug|Any CPU.Build.0 = Debug|Any CPU
		{8DB84AC4-D669-4298-9D8C-96544D8FE9D9}.Release|Any CPU.ActiveCfg = Release|Any CPU
		{8DB84AC4-D669-4298-9D8C-96544D8FE9D9}.Release|Any CPU.Build.0 = Release|Any CPU
		{8A4D5F13-BA21-43C8-A065-329EC9C1BEBD}.Debug|Any CPU.ActiveCfg = Debug|Any CPU
		{8A4D5F13-BA21-43C8-A065-329EC9C1BEBD}.Debug|Any CPU.Build.0 = Debug|Any CPU
		{8A4D5F13-BA21-43C8-A065-329EC9C1BEBD}.Release|Any CPU.ActiveCfg = Release|Any CPU
		{8A4D5F13-BA21-43C8-A065-329EC9C1BEBD}.Release|Any CPU.Build.0 = Release|Any CPU
		{D393FB4C-7A98-4293-8651-C1E9B17D9C7C}.Debug|Any CPU.ActiveCfg = Debug|Any CPU
		{D393FB4C-7A98-4293-8651-C1E9B17D9C7C}.Debug|Any CPU.Build.0 = Debug|Any CPU
		{D393FB4C-7A98-4293-8651-C1E9B17D9C7C}.Release|Any CPU.ActiveCfg = Release|Any CPU
		{D393FB4C-7A98-4293-8651-C1E9B17D9C7C}.Release|Any CPU.Build.0 = Release|Any CPU
		{10827B86-224E-4132-A0D6-7AA3F9200FB2}.Debug|Any CPU.ActiveCfg = Debug|Any CPU
		{10827B86-224E-4132-A0D6-7AA3F9200FB2}.Debug|Any CPU.Build.0 = Debug|Any CPU
		{10827B86-224E-4132-A0D6-7AA3F9200FB2}.Release|Any CPU.ActiveCfg = Release|Any CPU
		{10827B86-224E-4132-A0D6-7AA3F9200FB2}.Release|Any CPU.Build.0 = Release|Any CPU
		{F8D30CD4-5CC2-4470-A04B-1A13FE2BAE09}.Debug|Any CPU.ActiveCfg = Debug|Any CPU
		{F8D30CD4-5CC2-4470-A04B-1A13FE2BAE09}.Debug|Any CPU.Build.0 = Debug|Any CPU
		{F8D30CD4-5CC2-4470-A04B-1A13FE2BAE09}.Release|Any CPU.ActiveCfg = Release|Any CPU
		{F8D30CD4-5CC2-4470-A04B-1A13FE2BAE09}.Release|Any CPU.Build.0 = Release|Any CPU
		{C6AFF83A-3CCC-4735-86A2-501F0D006071}.Debug|Any CPU.ActiveCfg = Debug|Any CPU
		{C6AFF83A-3CCC-4735-86A2-501F0D006071}.Debug|Any CPU.Build.0 = Debug|Any CPU
		{C6AFF83A-3CCC-4735-86A2-501F0D006071}.Release|Any CPU.ActiveCfg = Release|Any CPU
		{C6AFF83A-3CCC-4735-86A2-501F0D006071}.Release|Any CPU.Build.0 = Release|Any CPU
		{7993B366-5D6A-45E6-AAF5-0762B7C27EA6}.Debug|Any CPU.ActiveCfg = Debug|Any CPU
		{7993B366-5D6A-45E6-AAF5-0762B7C27EA6}.Debug|Any CPU.Build.0 = Debug|Any CPU
		{7993B366-5D6A-45E6-AAF5-0762B7C27EA6}.Release|Any CPU.ActiveCfg = Release|Any CPU
		{7993B366-5D6A-45E6-AAF5-0762B7C27EA6}.Release|Any CPU.Build.0 = Release|Any CPU
		{4251F99F-DBCC-4034-A4F3-27332312E6CC}.Debug|Any CPU.ActiveCfg = Debug|Any CPU
		{4251F99F-DBCC-4034-A4F3-27332312E6CC}.Debug|Any CPU.Build.0 = Debug|Any CPU
		{4251F99F-DBCC-4034-A4F3-27332312E6CC}.Release|Any CPU.ActiveCfg = Release|Any CPU
		{4251F99F-DBCC-4034-A4F3-27332312E6CC}.Release|Any CPU.Build.0 = Release|Any CPU
		{42CE91DC-532B-491C-94CE-F6756C3C4585}.Debug|Any CPU.ActiveCfg = Debug|Any CPU
		{42CE91DC-532B-491C-94CE-F6756C3C4585}.Debug|Any CPU.Build.0 = Debug|Any CPU
		{42CE91DC-532B-491C-94CE-F6756C3C4585}.Release|Any CPU.ActiveCfg = Release|Any CPU
		{42CE91DC-532B-491C-94CE-F6756C3C4585}.Release|Any CPU.Build.0 = Release|Any CPU
		{EC23E36E-3116-4761-A2C5-FE71A37EB442}.Debug|Any CPU.ActiveCfg = Debug|Any CPU
		{EC23E36E-3116-4761-A2C5-FE71A37EB442}.Debug|Any CPU.Build.0 = Debug|Any CPU
		{EC23E36E-3116-4761-A2C5-FE71A37EB442}.Release|Any CPU.ActiveCfg = Release|Any CPU
		{EC23E36E-3116-4761-A2C5-FE71A37EB442}.Release|Any CPU.Build.0 = Release|Any CPU
		{ABAF4127-3D81-4CE3-B0E5-7AAB5C5C0328}.Debug|Any CPU.ActiveCfg = Debug|Any CPU
		{ABAF4127-3D81-4CE3-B0E5-7AAB5C5C0328}.Debug|Any CPU.Build.0 = Debug|Any CPU
		{ABAF4127-3D81-4CE3-B0E5-7AAB5C5C0328}.Release|Any CPU.ActiveCfg = Release|Any CPU
		{ABAF4127-3D81-4CE3-B0E5-7AAB5C5C0328}.Release|Any CPU.Build.0 = Release|Any CPU
		{8112AA35-5D83-4FB5-8EBD-17930C75D696}.Debug|Any CPU.ActiveCfg = Debug|Any CPU
		{8112AA35-5D83-4FB5-8EBD-17930C75D696}.Debug|Any CPU.Build.0 = Debug|Any CPU
		{8112AA35-5D83-4FB5-8EBD-17930C75D696}.Release|Any CPU.ActiveCfg = Release|Any CPU
		{8112AA35-5D83-4FB5-8EBD-17930C75D696}.Release|Any CPU.Build.0 = Release|Any CPU
	EndGlobalSection
	GlobalSection(SolutionProperties) = preSolution
		HideSolutionNode = FALSE
	EndGlobalSection
	GlobalSection(NestedProjects) = preSolution
		{158AF716-AE32-44BE-A0BE-3EAC425B66A7} = {C2867B92-7F76-4BDD-93BC-C2AB6B3A98AA}
		{739367F5-01F5-4A30-BBA8-0031C66DF9F5} = {C2867B92-7F76-4BDD-93BC-C2AB6B3A98AA}
		{1018F6BD-4587-450D-B090-71C7D28F49D8} = {C2867B92-7F76-4BDD-93BC-C2AB6B3A98AA}
		{6E107D71-4037-4E1B-A593-82B632C73EDC} = {739367F5-01F5-4A30-BBA8-0031C66DF9F5}
		{ECC7552F-8C83-48E2-BEEC-BE2BD1FAF33D} = {6E107D71-4037-4E1B-A593-82B632C73EDC}
		{DF7F327D-D202-44DD-95F9-45B85D702D86} = {1018F6BD-4587-450D-B090-71C7D28F49D8}
		{5207A203-07E4-4B8B-93FD-46D7B73334DC} = {DF7F327D-D202-44DD-95F9-45B85D702D86}
		{78EF0603-565A-49E0-9AF8-EE3AB3F89DCD} = {158AF716-AE32-44BE-A0BE-3EAC425B66A7}
		{8DB84AC4-D669-4298-9D8C-96544D8FE9D9} = {78EF0603-565A-49E0-9AF8-EE3AB3F89DCD}
		{E300B48A-12CC-4BEB-9DA8-3501A34160C7} = {739367F5-01F5-4A30-BBA8-0031C66DF9F5}
		{8A4D5F13-BA21-43C8-A065-329EC9C1BEBD} = {E300B48A-12CC-4BEB-9DA8-3501A34160C7}
		{7DBEC3FD-C617-40E4-BB1C-06446A16AB2C} = {739367F5-01F5-4A30-BBA8-0031C66DF9F5}
		{D393FB4C-7A98-4293-8651-C1E9B17D9C7C} = {7DBEC3FD-C617-40E4-BB1C-06446A16AB2C}
		{F3DEB082-95B1-4170-B2BD-9DE117307531} = {739367F5-01F5-4A30-BBA8-0031C66DF9F5}
		{BAC4CEC4-AE7C-4D21-B9FB-C3524A6A0BBE} = {739367F5-01F5-4A30-BBA8-0031C66DF9F5}
		{A056F822-DF0D-40BC-BC8E-D4A607E1E594} = {739367F5-01F5-4A30-BBA8-0031C66DF9F5}
		{7588D0C3-EF93-4EB6-8F0E-B6ACE20927E4} = {158AF716-AE32-44BE-A0BE-3EAC425B66A7}
		{10827B86-224E-4132-A0D6-7AA3F9200FB2} = {7588D0C3-EF93-4EB6-8F0E-B6ACE20927E4}
		{F8D30CD4-5CC2-4470-A04B-1A13FE2BAE09} = {F3DEB082-95B1-4170-B2BD-9DE117307531}
		{A0535517-B98C-45B8-9062-8D10F5E3D5C9} = {158AF716-AE32-44BE-A0BE-3EAC425B66A7}
		{C6AFF83A-3CCC-4735-86A2-501F0D006071} = {A0535517-B98C-45B8-9062-8D10F5E3D5C9}
		{54AB226E-4A43-4017-B252-45136175CDF4} = {C2867B92-7F76-4BDD-93BC-C2AB6B3A98AA}
		{5EF31516-97DF-4BF3-9735-257AC91C2178} = {54AB226E-4A43-4017-B252-45136175CDF4}
		{7993B366-5D6A-45E6-AAF5-0762B7C27EA6} = {5EF31516-97DF-4BF3-9735-257AC91C2178}
		{4251F99F-DBCC-4034-A4F3-27332312E6CC} = {A056F822-DF0D-40BC-BC8E-D4A607E1E594}
		{42CE91DC-532B-491C-94CE-F6756C3C4585} = {A056F822-DF0D-40BC-BC8E-D4A607E1E594}
		{EC23E36E-3116-4761-A2C5-FE71A37EB442} = {A056F822-DF0D-40BC-BC8E-D4A607E1E594}
		{ABAF4127-3D81-4CE3-B0E5-7AAB5C5C0328} = {BAC4CEC4-AE7C-4D21-B9FB-C3524A6A0BBE}
		{8112AA35-5D83-4FB5-8EBD-17930C75D696} = {BAC4CEC4-AE7C-4D21-B9FB-C3524A6A0BBE}
	EndGlobalSection
	GlobalSection(ExtensibilityGlobals) = postSolution
		SolutionGuid = {74F36F96-C5A1-455C-BD57-FF0409C0EBA4}
	EndGlobalSection
EndGlobal
